// !$*UTF8*$!
{
	archiveVersion = 1;
	classes = {
	};
	objectVersion = 46;
	objects = {

/* Begin PBXBuildFile section */
		00BB0CA418D39F9900CC6846 /* Foundation.framework in Frameworks */ = {isa = PBXBuildFile; fileRef = 00BB0CA318D39F9900CC6846 /* Foundation.framework */; };
		00BB0CA618D39F9900CC6846 /* CoreGraphics.framework in Frameworks */ = {isa = PBXBuildFile; fileRef = 00BB0CA518D39F9900CC6846 /* CoreGraphics.framework */; };
		00BB0CA818D39F9900CC6846 /* UIKit.framework in Frameworks */ = {isa = PBXBuildFile; fileRef = 00BB0CA718D39F9900CC6846 /* UIKit.framework */; };
		00BB0CAE18D39F9900CC6846 /* InfoPlist.strings in Resources */ = {isa = PBXBuildFile; fileRef = 00BB0CAC18D39F9900CC6846 /* InfoPlist.strings */; };
		00BB0CB018D39F9900CC6846 /* main.m in Sources */ = {isa = PBXBuildFile; fileRef = 00BB0CAF18D39F9900CC6846 /* main.m */; };
		00BB0CB418D39F9900CC6846 /* GBWAppDelegate.m in Sources */ = {isa = PBXBuildFile; fileRef = 00BB0CB318D39F9900CC6846 /* GBWAppDelegate.m */; };
		00BB0CB718D39F9900CC6846 /* Main_iPhone.storyboard in Resources */ = {isa = PBXBuildFile; fileRef = 00BB0CB518D39F9900CC6846 /* Main_iPhone.storyboard */; };
		00BB0CBA18D39F9900CC6846 /* Main_iPad.storyboard in Resources */ = {isa = PBXBuildFile; fileRef = 00BB0CB818D39F9900CC6846 /* Main_iPad.storyboard */; };
		00BB0CBD18D39F9900CC6846 /* GBWViewController.m in Sources */ = {isa = PBXBuildFile; fileRef = 00BB0CBC18D39F9900CC6846 /* GBWViewController.m */; };
		00BB0CBF18D39F9900CC6846 /* Images.xcassets in Resources */ = {isa = PBXBuildFile; fileRef = 00BB0CBE18D39F9900CC6846 /* Images.xcassets */; };
		00BB0CC618D39F9900CC6846 /* XCTest.framework in Frameworks */ = {isa = PBXBuildFile; fileRef = 00BB0CC518D39F9900CC6846 /* XCTest.framework */; };
		00BB0CC718D39F9900CC6846 /* Foundation.framework in Frameworks */ = {isa = PBXBuildFile; fileRef = 00BB0CA318D39F9900CC6846 /* Foundation.framework */; };
		00BB0CC818D39F9900CC6846 /* UIKit.framework in Frameworks */ = {isa = PBXBuildFile; fileRef = 00BB0CA718D39F9900CC6846 /* UIKit.framework */; };
		00BB0CD018D39F9900CC6846 /* InfoPlist.strings in Resources */ = {isa = PBXBuildFile; fileRef = 00BB0CCE18D39F9900CC6846 /* InfoPlist.strings */; };
		00BB0CD218D39F9900CC6846 /* CardsTests.m in Sources */ = {isa = PBXBuildFile; fileRef = 00BB0CD118D39F9900CC6846 /* CardsTests.m */; };
		00BB0CDD18D3A04000CC6846 /* GBWCard.m in Sources */ = {isa = PBXBuildFile; fileRef = 00BB0CDC18D3A04000CC6846 /* GBWCard.m */; };
		00E7E49518D61C0B00908CC8 /* GBWDeck.m in Sources */ = {isa = PBXBuildFile; fileRef = 00E7E49418D61C0B00908CC8 /* GBWDeck.m */; };
		00E7E49818D6240D00908CC8 /* GBWPlayingCard.m in Sources */ = {isa = PBXBuildFile; fileRef = 00E7E49718D6240D00908CC8 /* GBWPlayingCard.m */; };
		00E7E49D18D66B1700908CC8 /* GBWPlayingCardDeck.m in Sources */ = {isa = PBXBuildFile; fileRef = 00E7E49C18D66B1700908CC8 /* GBWPlayingCardDeck.m */; };
/* End PBXBuildFile section */

/* Begin PBXContainerItemProxy section */
		00BB0CC918D39F9900CC6846 /* PBXContainerItemProxy */ = {
			isa = PBXContainerItemProxy;
			containerPortal = 00BB0C9818D39F9900CC6846 /* Project object */;
			proxyType = 1;
			remoteGlobalIDString = 00BB0C9F18D39F9900CC6846;
			remoteInfo = Cards;
		};
/* End PBXContainerItemProxy section */

/* Begin PBXFileReference section */
		00BB0CA018D39F9900CC6846 /* Cards.app */ = {isa = PBXFileReference; explicitFileType = wrapper.application; includeInIndex = 0; path = Cards.app; sourceTree = BUILT_PRODUCTS_DIR; };
		00BB0CA318D39F9900CC6846 /* Foundation.framework */ = {isa = PBXFileReference; lastKnownFileType = wrapper.framework; name = Foundation.framework; path = System/Library/Frameworks/Foundation.framework; sourceTree = SDKROOT; };
		00BB0CA518D39F9900CC6846 /* CoreGraphics.framework */ = {isa = PBXFileReference; lastKnownFileType = wrapper.framework; name = CoreGraphics.framework; path = System/Library/Frameworks/CoreGraphics.framework; sourceTree = SDKROOT; };
		00BB0CA718D39F9900CC6846 /* UIKit.framework */ = {isa = PBXFileReference; lastKnownFileType = wrapper.framework; name = UIKit.framework; path = System/Library/Frameworks/UIKit.framework; sourceTree = SDKROOT; };
		00BB0CAB18D39F9900CC6846 /* Cards-Info.plist */ = {isa = PBXFileReference; lastKnownFileType = text.plist.xml; path = "Cards-Info.plist"; sourceTree = "<group>"; };
		00BB0CAD18D39F9900CC6846 /* en */ = {isa = PBXFileReference; lastKnownFileType = text.plist.strings; name = en; path = en.lproj/InfoPlist.strings; sourceTree = "<group>"; };
		00BB0CAF18D39F9900CC6846 /* main.m */ = {isa = PBXFileReference; lastKnownFileType = sourcecode.c.objc; path = main.m; sourceTree = "<group>"; };
		00BB0CB118D39F9900CC6846 /* Cards-Prefix.pch */ = {isa = PBXFileReference; lastKnownFileType = sourcecode.c.h; path = "Cards-Prefix.pch"; sourceTree = "<group>"; };
		00BB0CB218D39F9900CC6846 /* GBWAppDelegate.h */ = {isa = PBXFileReference; lastKnownFileType = sourcecode.c.h; path = GBWAppDelegate.h; sourceTree = "<group>"; };
		00BB0CB318D39F9900CC6846 /* GBWAppDelegate.m */ = {isa = PBXFileReference; lastKnownFileType = sourcecode.c.objc; path = GBWAppDelegate.m; sourceTree = "<group>"; };
		00BB0CB618D39F9900CC6846 /* Base */ = {isa = PBXFileReference; lastKnownFileType = file.storyboard; name = Base; path = Base.lproj/Main_iPhone.storyboard; sourceTree = "<group>"; };
		00BB0CB918D39F9900CC6846 /* Base */ = {isa = PBXFileReference; lastKnownFileType = file.storyboard; name = Base; path = Base.lproj/Main_iPad.storyboard; sourceTree = "<group>"; };
		00BB0CBB18D39F9900CC6846 /* GBWViewController.h */ = {isa = PBXFileReference; lastKnownFileType = sourcecode.c.h; path = GBWViewController.h; sourceTree = "<group>"; };
		00BB0CBC18D39F9900CC6846 /* GBWViewController.m */ = {isa = PBXFileReference; lastKnownFileType = sourcecode.c.objc; path = GBWViewController.m; sourceTree = "<group>"; };
		00BB0CBE18D39F9900CC6846 /* Images.xcassets */ = {isa = PBXFileReference; lastKnownFileType = folder.assetcatalog; path = Images.xcassets; sourceTree = "<group>"; };
		00BB0CC418D39F9900CC6846 /* CardsTests.xctest */ = {isa = PBXFileReference; explicitFileType = wrapper.cfbundle; includeInIndex = 0; path = CardsTests.xctest; sourceTree = BUILT_PRODUCTS_DIR; };
		00BB0CC518D39F9900CC6846 /* XCTest.framework */ = {isa = PBXFileReference; lastKnownFileType = wrapper.framework; name = XCTest.framework; path = Library/Frameworks/XCTest.framework; sourceTree = DEVELOPER_DIR; };
		00BB0CCD18D39F9900CC6846 /* CardsTests-Info.plist */ = {isa = PBXFileReference; lastKnownFileType = text.plist.xml; path = "CardsTests-Info.plist"; sourceTree = "<group>"; };
		00BB0CCF18D39F9900CC6846 /* en */ = {isa = PBXFileReference; lastKnownFileType = text.plist.strings; name = en; path = en.lproj/InfoPlist.strings; sourceTree = "<group>"; };
		00BB0CD118D39F9900CC6846 /* CardsTests.m */ = {isa = PBXFileReference; lastKnownFileType = sourcecode.c.objc; path = CardsTests.m; sourceTree = "<group>"; };
		00BB0CDB18D3A04000CC6846 /* GBWCard.h */ = {isa = PBXFileReference; fileEncoding = 4; lastKnownFileType = sourcecode.c.h; path = GBWCard.h; sourceTree = "<group>"; };
		00BB0CDC18D3A04000CC6846 /* GBWCard.m */ = {isa = PBXFileReference; fileEncoding = 4; lastKnownFileType = sourcecode.c.objc; path = GBWCard.m; sourceTree = "<group>"; };
		00E7E49318D61C0B00908CC8 /* GBWDeck.h */ = {isa = PBXFileReference; fileEncoding = 4; lastKnownFileType = sourcecode.c.h; path = GBWDeck.h; sourceTree = "<group>"; };
		00E7E49418D61C0B00908CC8 /* GBWDeck.m */ = {isa = PBXFileReference; fileEncoding = 4; lastKnownFileType = sourcecode.c.objc; path = GBWDeck.m; sourceTree = "<group>"; };
		00E7E49618D6240D00908CC8 /* GBWPlayingCard.h */ = {isa = PBXFileReference; fileEncoding = 4; lastKnownFileType = sourcecode.c.h; path = GBWPlayingCard.h; sourceTree = "<group>"; };
		00E7E49718D6240D00908CC8 /* GBWPlayingCard.m */ = {isa = PBXFileReference; fileEncoding = 4; lastKnownFileType = sourcecode.c.objc; path = GBWPlayingCard.m; sourceTree = "<group>"; };
		00E7E49B18D66B1700908CC8 /* GBWPlayingCardDeck.h */ = {isa = PBXFileReference; fileEncoding = 4; lastKnownFileType = sourcecode.c.h; path = GBWPlayingCardDeck.h; sourceTree = "<group>"; };
		00E7E49C18D66B1700908CC8 /* GBWPlayingCardDeck.m */ = {isa = PBXFileReference; fileEncoding = 4; lastKnownFileType = sourcecode.c.objc; path = GBWPlayingCardDeck.m; sourceTree = "<group>"; };
/* End PBXFileReference section */

/* Begin PBXFrameworksBuildPhase section */
		00BB0C9D18D39F9900CC6846 /* Frameworks */ = {
			isa = PBXFrameworksBuildPhase;
			buildActionMask = 2147483647;
			files = (
				00BB0CA618D39F9900CC6846 /* CoreGraphics.framework in Frameworks */,
				00BB0CA818D39F9900CC6846 /* UIKit.framework in Frameworks */,
				00BB0CA418D39F9900CC6846 /* Foundation.framework in Frameworks */,
			);
			runOnlyForDeploymentPostprocessing = 0;
		};
		00BB0CC118D39F9900CC6846 /* Frameworks */ = {
			isa = PBXFrameworksBuildPhase;
			buildActionMask = 2147483647;
			files = (
				00BB0CC618D39F9900CC6846 /* XCTest.framework in Frameworks */,
				00BB0CC818D39F9900CC6846 /* UIKit.framework in Frameworks */,
				00BB0CC718D39F9900CC6846 /* Foundation.framework in Frameworks */,
			);
			runOnlyForDeploymentPostprocessing = 0;
		};
/* End PBXFrameworksBuildPhase section */

/* Begin PBXGroup section */
		005E716718D69A2B00EFA1D3 /* Model */ = {
			isa = PBXGroup;
			children = (
				00BB0CDB18D3A04000CC6846 /* GBWCard.h */,
				00BB0CDC18D3A04000CC6846 /* GBWCard.m */,
				00E7E49318D61C0B00908CC8 /* GBWDeck.h */,
				00E7E49418D61C0B00908CC8 /* GBWDeck.m */,
				00E7E49618D6240D00908CC8 /* GBWPlayingCard.h */,
				00E7E49718D6240D00908CC8 /* GBWPlayingCard.m */,
				00E7E49B18D66B1700908CC8 /* GBWPlayingCardDeck.h */,
				00E7E49C18D66B1700908CC8 /* GBWPlayingCardDeck.m */,
			);
			name = Model;
			sourceTree = "<group>";
		};
		00BB0C9718D39F9900CC6846 = {
			isa = PBXGroup;
			children = (
				00BB0CA918D39F9900CC6846 /* Cards */,
				00BB0CCB18D39F9900CC6846 /* CardsTests */,
				00BB0CA218D39F9900CC6846 /* Frameworks */,
				00BB0CA118D39F9900CC6846 /* Products */,
			);
			indentWidth = 4;
			sourceTree = "<group>";
			tabWidth = 4;
			usesTabs = 0;
		};
		00BB0CA118D39F9900CC6846 /* Products */ = {
			isa = PBXGroup;
			children = (
				00BB0CA018D39F9900CC6846 /* Cards.app */,
				00BB0CC418D39F9900CC6846 /* CardsTests.xctest */,
			);
			name = Products;
			sourceTree = "<group>";
		};
		00BB0CA218D39F9900CC6846 /* Frameworks */ = {
			isa = PBXGroup;
			children = (
				00BB0CA318D39F9900CC6846 /* Foundation.framework */,
				00BB0CA518D39F9900CC6846 /* CoreGraphics.framework */,
				00BB0CA718D39F9900CC6846 /* UIKit.framework */,
				00BB0CC518D39F9900CC6846 /* XCTest.framework */,
			);
			name = Frameworks;
			sourceTree = "<group>";
		};
		00BB0CA918D39F9900CC6846 /* Cards */ = {
			isa = PBXGroup;
			children = (
				005E716718D69A2B00EFA1D3 /* Model */,
				00BB0CB518D39F9900CC6846 /* Main_iPhone.storyboard */,
				00BB0CB818D39F9900CC6846 /* Main_iPad.storyboard */,
				00BB0CBB18D39F9900CC6846 /* GBWViewController.h */,
				00BB0CBC18D39F9900CC6846 /* GBWViewController.m */,
				00BB0CBE18D39F9900CC6846 /* Images.xcassets */,
				00BB0CAA18D39F9900CC6846 /* Supporting Files */,
			);
			path = Cards;
			sourceTree = "<group>";
		};
		00BB0CAA18D39F9900CC6846 /* Supporting Files */ = {
			isa = PBXGroup;
			children = (
				00BB0CB218D39F9900CC6846 /* GBWAppDelegate.h */,
				00BB0CB318D39F9900CC6846 /* GBWAppDelegate.m */,
				00BB0CAB18D39F9900CC6846 /* Cards-Info.plist */,
				00BB0CAC18D39F9900CC6846 /* InfoPlist.strings */,
				00BB0CAF18D39F9900CC6846 /* main.m */,
				00BB0CB118D39F9900CC6846 /* Cards-Prefix.pch */,
			);
			name = "Supporting Files";
			sourceTree = "<group>";
		};
		00BB0CCB18D39F9900CC6846 /* CardsTests */ = {
			isa = PBXGroup;
			children = (
				00BB0CD118D39F9900CC6846 /* CardsTests.m */,
				00BB0CCC18D39F9900CC6846 /* Supporting Files */,
			);
			path = CardsTests;
			sourceTree = "<group>";
		};
		00BB0CCC18D39F9900CC6846 /* Supporting Files */ = {
			isa = PBXGroup;
			children = (
				00BB0CCD18D39F9900CC6846 /* CardsTests-Info.plist */,
				00BB0CCE18D39F9900CC6846 /* InfoPlist.strings */,
			);
			name = "Supporting Files";
			sourceTree = "<group>";
		};
/* End PBXGroup section */

/* Begin PBXNativeTarget section */
		00BB0C9F18D39F9900CC6846 /* Cards */ = {
			isa = PBXNativeTarget;
			buildConfigurationList = 00BB0CD518D39F9900CC6846 /* Build configuration list for PBXNativeTarget "Cards" */;
			buildPhases = (
				00BB0C9C18D39F9900CC6846 /* Sources */,
				00BB0C9D18D39F9900CC6846 /* Frameworks */,
				00BB0C9E18D39F9900CC6846 /* Resources */,
				FC380AB0C3E1467ABDB6D471 /* Warn for TODO and FIXME comments */,
			);
			buildRules = (
			);
			dependencies = (
			);
			name = Cards;
			productName = Cards;
			productReference = 00BB0CA018D39F9900CC6846 /* Cards.app */;
			productType = "com.apple.product-type.application";
		};
		00BB0CC318D39F9900CC6846 /* CardsTests */ = {
			isa = PBXNativeTarget;
			buildConfigurationList = 00BB0CD818D39F9900CC6846 /* Build configuration list for PBXNativeTarget "CardsTests" */;
			buildPhases = (
				00BB0CC018D39F9900CC6846 /* Sources */,
				00BB0CC118D39F9900CC6846 /* Frameworks */,
				00BB0CC218D39F9900CC6846 /* Resources */,
			);
			buildRules = (
			);
			dependencies = (
				00BB0CCA18D39F9900CC6846 /* PBXTargetDependency */,
			);
			name = CardsTests;
			productName = CardsTests;
			productReference = 00BB0CC418D39F9900CC6846 /* CardsTests.xctest */;
			productType = "com.apple.product-type.bundle.unit-test";
		};
/* End PBXNativeTarget section */

/* Begin PBXProject section */
		00BB0C9818D39F9900CC6846 /* Project object */ = {
			isa = PBXProject;
			attributes = {
				CLASSPREFIX = GBW;
				LastUpgradeCheck = 0510;
				ORGANIZATIONNAME = "Gabebw, inc";
				TargetAttributes = {
					00BB0CC318D39F9900CC6846 = {
						TestTargetID = 00BB0C9F18D39F9900CC6846;
					};
				};
			};
			buildConfigurationList = 00BB0C9B18D39F9900CC6846 /* Build configuration list for PBXProject "Cards" */;
			compatibilityVersion = "Xcode 3.2";
			developmentRegion = English;
			hasScannedForEncodings = 0;
			knownRegions = (
				en,
				Base,
			);
			mainGroup = 00BB0C9718D39F9900CC6846;
			productRefGroup = 00BB0CA118D39F9900CC6846 /* Products */;
			projectDirPath = "";
			projectRoot = "";
			targets = (
				00BB0C9F18D39F9900CC6846 /* Cards */,
				00BB0CC318D39F9900CC6846 /* CardsTests */,
			);
		};
/* End PBXProject section */

/* Begin PBXResourcesBuildPhase section */
		00BB0C9E18D39F9900CC6846 /* Resources */ = {
			isa = PBXResourcesBuildPhase;
			buildActionMask = 2147483647;
			files = (
				00BB0CBA18D39F9900CC6846 /* Main_iPad.storyboard in Resources */,
				00BB0CBF18D39F9900CC6846 /* Images.xcassets in Resources */,
				00BB0CB718D39F9900CC6846 /* Main_iPhone.storyboard in Resources */,
				00BB0CAE18D39F9900CC6846 /* InfoPlist.strings in Resources */,
			);
			runOnlyForDeploymentPostprocessing = 0;
		};
		00BB0CC218D39F9900CC6846 /* Resources */ = {
			isa = PBXResourcesBuildPhase;
			buildActionMask = 2147483647;
			files = (
				00BB0CD018D39F9900CC6846 /* InfoPlist.strings in Resources */,
			);
			runOnlyForDeploymentPostprocessing = 0;
		};
/* End PBXResourcesBuildPhase section */

/* Begin PBXShellScriptBuildPhase section */
		FC380AB0C3E1467ABDB6D471 /* Warn for TODO and FIXME comments */ = {
			isa = PBXShellScriptBuildPhase;
			buildActionMask = 2147483647;
			files = (
			);
			inputPaths = (
			);
			name = "Warn for TODO and FIXME comments";
			outputPaths = (
			);
			runOnlyForDeploymentPostprocessing = 0;
			shellPath = /bin/sh;
			shellScript = "KEYWORDS=\"TODO:|FIXME:|\\?\\?\\?:|\\!\\!\\!:\"\nFILE_EXTENSIONS=\"h|m|mm|c|cpp\"\nfind -E \"${SRCROOT}\" -ipath \"${SRCROOT}/pods\" -prune -o \\( -regex \".*\\.($FILE_EXTENSIONS)$\" \\) -print0 | xargs -0 egrep --with-filename --line-number --only-matching \"($KEYWORDS).*\\$\" | perl -p -e \"s/($KEYWORDS)/ warning: \\$1/\"\n";
		};
/* End PBXShellScriptBuildPhase section */

/* Begin PBXSourcesBuildPhase section */
		00BB0C9C18D39F9900CC6846 /* Sources */ = {
			isa = PBXSourcesBuildPhase;
			buildActionMask = 2147483647;
			files = (
				00E7E49518D61C0B00908CC8 /* GBWDeck.m in Sources */,
				00E7E49818D6240D00908CC8 /* GBWPlayingCard.m in Sources */,
				00BB0CB018D39F9900CC6846 /* main.m in Sources */,
				00BB0CBD18D39F9900CC6846 /* GBWViewController.m in Sources */,
				00BB0CDD18D3A04000CC6846 /* GBWCard.m in Sources */,
				00BB0CB418D39F9900CC6846 /* GBWAppDelegate.m in Sources */,
				00E7E49D18D66B1700908CC8 /* GBWPlayingCardDeck.m in Sources */,
			);
			runOnlyForDeploymentPostprocessing = 0;
		};
		00BB0CC018D39F9900CC6846 /* Sources */ = {
			isa = PBXSourcesBuildPhase;
			buildActionMask = 2147483647;
			files = (
				00BB0CD218D39F9900CC6846 /* CardsTests.m in Sources */,
			);
			runOnlyForDeploymentPostprocessing = 0;
		};
/* End PBXSourcesBuildPhase section */

/* Begin PBXTargetDependency section */
		00BB0CCA18D39F9900CC6846 /* PBXTargetDependency */ = {
			isa = PBXTargetDependency;
			target = 00BB0C9F18D39F9900CC6846 /* Cards */;
			targetProxy = 00BB0CC918D39F9900CC6846 /* PBXContainerItemProxy */;
		};
/* End PBXTargetDependency section */

/* Begin PBXVariantGroup section */
		00BB0CAC18D39F9900CC6846 /* InfoPlist.strings */ = {
			isa = PBXVariantGroup;
			children = (
				00BB0CAD18D39F9900CC6846 /* en */,
			);
			name = InfoPlist.strings;
			sourceTree = "<group>";
		};
		00BB0CB518D39F9900CC6846 /* Main_iPhone.storyboard */ = {
			isa = PBXVariantGroup;
			children = (
				00BB0CB618D39F9900CC6846 /* Base */,
			);
			name = Main_iPhone.storyboard;
			sourceTree = "<group>";
		};
		00BB0CB818D39F9900CC6846 /* Main_iPad.storyboard */ = {
			isa = PBXVariantGroup;
			children = (
				00BB0CB918D39F9900CC6846 /* Base */,
			);
			name = Main_iPad.storyboard;
			sourceTree = "<group>";
		};
		00BB0CCE18D39F9900CC6846 /* InfoPlist.strings */ = {
			isa = PBXVariantGroup;
			children = (
				00BB0CCF18D39F9900CC6846 /* en */,
			);
			name = InfoPlist.strings;
			sourceTree = "<group>";
		};
/* End PBXVariantGroup section */

/* Begin XCBuildConfiguration section */
		00BB0CD318D39F9900CC6846 /* Debug */ = {
			isa = XCBuildConfiguration;
			buildSettings = {
				ALWAYS_SEARCH_USER_PATHS = NO;
				CLANG_CXX_LANGUAGE_STANDARD = "gnu++0x";
				CLANG_CXX_LIBRARY = "libc++";
				CLANG_ENABLE_MODULES = YES;
				CLANG_ENABLE_OBJC_ARC = YES;
				CLANG_WARN_BOOL_CONVERSION = YES;
				CLANG_WARN_CONSTANT_CONVERSION = YES;
				CLANG_WARN_DEPRECATED_OBJC_IMPLEMENTATIONS = YES;
				CLANG_WARN_DIRECT_OBJC_ISA_USAGE = YES_ERROR;
				CLANG_WARN_EMPTY_BODY = YES;
				CLANG_WARN_ENUM_CONVERSION = YES;
				CLANG_WARN_INT_CONVERSION = YES;
				CLANG_WARN_OBJC_IMPLICIT_RETAIN_SELF = YES;
				CLANG_WARN_OBJC_ROOT_CLASS = YES_ERROR;
				CLANG_WARN__DUPLICATE_METHOD_MATCH = YES;
				"CODE_SIGN_IDENTITY[sdk=iphoneos*]" = "iPhone Developer";
				COPY_PHASE_STRIP = NO;
				GCC_C_LANGUAGE_STANDARD = gnu99;
				GCC_DYNAMIC_NO_PIC = NO;
				GCC_OPTIMIZATION_LEVEL = 0;
				GCC_PREPROCESSOR_DEFINITIONS = (
					"DEBUG=1",
					"$(inherited)",
				);
				GCC_SYMBOLS_PRIVATE_EXTERN = NO;
				GCC_WARN_64_TO_32_BIT_CONVERSION = YES;
				GCC_WARN_ABOUT_MISSING_FIELD_INITIALIZERS = YES;
				GCC_WARN_ABOUT_MISSING_NEWLINE = YES;
				GCC_WARN_ABOUT_RETURN_TYPE = YES;
				GCC_WARN_CHECK_SWITCH_STATEMENTS = YES;
				GCC_WARN_INITIALIZER_NOT_FULLY_BRACKETED = YES;
				GCC_WARN_MISSING_PARENTHESES = YES;
				GCC_WARN_SHADOW = YES;
				GCC_WARN_SIGN_COMPARE = YES;
				GCC_WARN_TYPECHECK_CALLS_TO_PRINTF = YES;
				GCC_WARN_UNDECLARED_SELECTOR = YES;
				GCC_WARN_UNINITIALIZED_AUTOS = YES_AGGRESSIVE;
				GCC_WARN_UNUSED_FUNCTION = YES;
				GCC_WARN_UNUSED_LABEL = YES;
				GCC_WARN_UNUSED_VALUE = YES;
				GCC_WARN_UNUSED_VARIABLE = YES;
				IPHONEOS_DEPLOYMENT_TARGET = 7.1;
				ONLY_ACTIVE_ARCH = YES;
				SDKROOT = iphoneos;
				TARGETED_DEVICE_FAMILY = "1,2";
			};
			name = Debug;
		};
		00BB0CD418D39F9900CC6846 /* Release */ = {
			isa = XCBuildConfiguration;
			buildSettings = {
				ALWAYS_SEARCH_USER_PATHS = NO;
				CLANG_CXX_LANGUAGE_STANDARD = "gnu++0x";
				CLANG_CXX_LIBRARY = "libc++";
				CLANG_ENABLE_MODULES = YES;
				CLANG_ENABLE_OBJC_ARC = YES;
				CLANG_WARN_BOOL_CONVERSION = YES;
				CLANG_WARN_CONSTANT_CONVERSION = YES;
				CLANG_WARN_DEPRECATED_OBJC_IMPLEMENTATIONS = YES;
				CLANG_WARN_DIRECT_OBJC_ISA_USAGE = YES_ERROR;
				CLANG_WARN_EMPTY_BODY = YES;
				CLANG_WARN_ENUM_CONVERSION = YES;
				CLANG_WARN_INT_CONVERSION = YES;
				CLANG_WARN_OBJC_IMPLICIT_RETAIN_SELF = YES;
				CLANG_WARN_OBJC_ROOT_CLASS = YES_ERROR;
				CLANG_WARN__DUPLICATE_METHOD_MATCH = YES;
				"CODE_SIGN_IDENTITY[sdk=iphoneos*]" = "iPhone Developer";
				COPY_PHASE_STRIP = YES;
				ENABLE_NS_ASSERTIONS = NO;
				GCC_C_LANGUAGE_STANDARD = gnu99;
				GCC_WARN_64_TO_32_BIT_CONVERSION = YES;
				GCC_WARN_ABOUT_MISSING_FIELD_INITIALIZERS = YES;
				GCC_WARN_ABOUT_MISSING_NEWLINE = YES;
				GCC_WARN_ABOUT_RETURN_TYPE = YES;
				GCC_WARN_CHECK_SWITCH_STATEMENTS = YES;
				GCC_WARN_INITIALIZER_NOT_FULLY_BRACKETED = YES;
				GCC_WARN_MISSING_PARENTHESES = YES;
				GCC_WARN_SHADOW = YES;
				GCC_WARN_SIGN_COMPARE = YES;
				GCC_WARN_TYPECHECK_CALLS_TO_PRINTF = YES;
				GCC_WARN_UNDECLARED_SELECTOR = YES;
				GCC_WARN_UNINITIALIZED_AUTOS = YES_AGGRESSIVE;
				GCC_WARN_UNUSED_FUNCTION = YES;
				GCC_WARN_UNUSED_LABEL = YES;
				GCC_WARN_UNUSED_VALUE = YES;
				GCC_WARN_UNUSED_VARIABLE = YES;
				IPHONEOS_DEPLOYMENT_TARGET = 7.1;
				SDKROOT = iphoneos;
				TARGETED_DEVICE_FAMILY = "1,2";
				VALIDATE_PRODUCT = YES;
			};
			name = Release;
		};
		00BB0CD618D39F9900CC6846 /* Debug */ = {
			isa = XCBuildConfiguration;
			buildSettings = {
				ASSETCATALOG_COMPILER_APPICON_NAME = AppIcon;
				ASSETCATALOG_COMPILER_LAUNCHIMAGE_NAME = LaunchImage;
				GCC_PRECOMPILE_PREFIX_HEADER = YES;
				GCC_PREFIX_HEADER = "Cards/Cards-Prefix.pch";
				INFOPLIST_FILE = "Cards/Cards-Info.plist";
				PRODUCT_NAME = "$(TARGET_NAME)";
				WRAPPER_EXTENSION = app;
			};
			name = Debug;
		};
		00BB0CD718D39F9900CC6846 /* Release */ = {
			isa = XCBuildConfiguration;
			buildSettings = {
				ASSETCATALOG_COMPILER_APPICON_NAME = AppIcon;
				ASSETCATALOG_COMPILER_LAUNCHIMAGE_NAME = LaunchImage;
				GCC_PRECOMPILE_PREFIX_HEADER = YES;
				GCC_PREFIX_HEADER = "Cards/Cards-Prefix.pch";
				GCC_TREAT_WARNINGS_AS_ERRORS = YES;
				INFOPLIST_FILE = "Cards/Cards-Info.plist";
				PRODUCT_NAME = "$(TARGET_NAME)";
				WRAPPER_EXTENSION = app;
			};
			name = Release;
		};
		00BB0CD918D39F9900CC6846 /* Debug */ = {
			isa = XCBuildConfiguration;
			buildSettings = {
				BUNDLE_LOADER = "$(BUILT_PRODUCTS_DIR)/Cards.app/Cards";
				FRAMEWORK_SEARCH_PATHS = (
					"$(SDKROOT)/Developer/Library/Frameworks",
					"$(inherited)",
					"$(DEVELOPER_FRAMEWORKS_DIR)",
				);
				GCC_PRECOMPILE_PREFIX_HEADER = YES;
				GCC_PREFIX_HEADER = "Cards/Cards-Prefix.pch";
				GCC_PREPROCESSOR_DEFINITIONS = (
					"DEBUG=1",
					"$(inherited)",
				);
				INFOPLIST_FILE = "CardsTests/CardsTests-Info.plist";
				PRODUCT_NAME = "$(TARGET_NAME)";
				TEST_HOST = "$(BUNDLE_LOADER)";
				WRAPPER_EXTENSION = xctest;
			};
			name = Debug;
		};
		00BB0CDA18D39F9900CC6846 /* Release */ = {
			isa = XCBuildConfiguration;
			buildSettings = {
				BUNDLE_LOADER = "$(BUILT_PRODUCTS_DIR)/Cards.app/Cards";
				FRAMEWORK_SEARCH_PATHS = (
					"$(SDKROOT)/Developer/Library/Frameworks",
					"$(inherited)",
					"$(DEVELOPER_FRAMEWORKS_DIR)",
				);
				GCC_PRECOMPILE_PREFIX_HEADER = YES;
				GCC_PREFIX_HEADER = "Cards/Cards-Prefix.pch";
				INFOPLIST_FILE = "CardsTests/CardsTests-Info.plist";
				PRODUCT_NAME = "$(TARGET_NAME)";
				TEST_HOST = "$(BUNDLE_LOADER)";
				WRAPPER_EXTENSION = xctest;
			};
			name = Release;
		};
/* End XCBuildConfiguration section */

/* Begin XCConfigurationList section */
		00BB0C9B18D39F9900CC6846 /* Build configuration list for PBXProject "Cards" */ = {
			isa = XCConfigurationList;
			buildConfigurations = (
				00BB0CD318D39F9900CC6846 /* Debug */,
				00BB0CD418D39F9900CC6846 /* Release */,
			);
			defaultConfigurationIsVisible = 0;
			defaultConfigurationName = Release;
		};
		00BB0CD518D39F9900CC6846 /* Build configuration list for PBXNativeTarget "Cards" */ = {
			isa = XCConfigurationList;
			buildConfigurations = (
				00BB0CD618D39F9900CC6846 /* Debug */,
				00BB0CD718D39F9900CC6846 /* Release */,
			);
			defaultConfigurationIsVisible = 0;
			defaultConfigurationName = Release;
		};
		00BB0CD818D39F9900CC6846 /* Build configuration list for PBXNativeTarget "CardsTests" */ = {
			isa = XCConfigurationList;
			buildConfigurations = (
				00BB0CD918D39F9900CC6846 /* Debug */,
				00BB0CDA18D39F9900CC6846 /* Release */,
			);
			defaultConfigurationIsVisible = 0;
			defaultConfigurationName = Release;
		};
/* End XCConfigurationList section */
	};
	rootObject = 00BB0C9818D39F9900CC6846 /* Project object */;
}
